{
  "name": "@mik-tf/ralph-qwen",
  "version": "1.0.0",
  "lockfileVersion": 3,
  "requires": true,
  "packages": {
    "": {
      "name": "@mik-tf/ralph-qwen",
      "version": "1.0.0",
      "license": "Apache-2.0",
      "bin": {
        "qwen-ralph": "ralph-init.sh"
      },
      "devDependencies": {}
    }
  }
}
